
Microsoft Visual Studio Solution File, Format Version 12.00
# Visual Studio Version 16
VisualStudioVersion = 16.0.28803.452
MinimumVisualStudioVersion = 10.0.40219.1
Project("{9A19103F-16F7-4668-BE54-9A1E7A4F7556}") = "Convertor", "Convertor.csproj", "{23F228FC-2E7E-4913-B322-B4EABC947815}"
EndProject
Global
	GlobalSection(SolutionConfigurationPlatforms) = preSolution
		Debug|Any CPU = Debug|Any CPU
		Release|Any CPU = Release|Any CPU
	EndGlobalSection
	GlobalSection(ProjectConfigurationPlatforms) = postSolution
		{23F228FC-2E7E-4913-B322-B4EABC947815}.Debug|Any CPU.ActiveCfg = Debug|Any CPU
		{23F228FC-2E7E-4913-B322-B4EABC947815}.Debug|Any CPU.Build.0 = Debug|Any CPU
		{23F228FC-2E7E-4913-B322-B4EABC947815}.Release|Any CPU.ActiveCfg = Release|Any CPU
		{23F228FC-2E7E-4913-B322-B4EABC947815}.Release|Any CPU.Build.0 = Release|Any CPU
	EndGlobalSection
	GlobalSection(SolutionProperties) = preSolution
		HideSolutionNode = FALSE
	EndGlobalSection
	GlobalSection(ExtensibilityGlobals) = postSolution
		SolutionGuid = {E575788E-3C87-4555-A78B-3F38DB12C44D}
	EndGlobalSection
EndGlobal
